
Microsoft Visual Studio Solution File, Format Version 12.00
# Visual Studio Express 2012 for Web
Project("{FAE04EC0-301F-11D3-BF4B-00C04F79EFBC}") = "ct.Domain", "ct.Domain\ct.Domain.csproj", "{2F3EE789-0648-4D22-AD39-B65CE9C13C7A}"
EndProject
Project("{FAE04EC0-301F-11D3-BF4B-00C04F79EFBC}") = "ct.Business", "ct.Business\ct.Business.csproj", "{2532D151-15E8-4797-9726-F80DF9B18D92}"
EndProject
Project("{FAE04EC0-301F-11D3-BF4B-00C04F79EFBC}") = "ct.Tests", "ct.Tests\ct.Tests.csproj", "{97140A8F-4C45-4FAD-9F4C-D9CAA0CFA938}"
EndProject
Project("{FAE04EC0-301F-11D3-BF4B-00C04F79EFBC}") = "ct.Data", "ct.Data\ct.Data.csproj", "{705596F6-3F8D-4BA8-B82D-3A01A876F1B9}"
EndProject
Global
	GlobalSection(SolutionConfigurationPlatforms) = preSolution
		Debug|Any CPU = Debug|Any CPU
		Release|Any CPU = Release|Any CPU
	EndGlobalSection
	GlobalSection(ProjectConfigurationPlatforms) = postSolution
		{2F3EE789-0648-4D22-AD39-B65CE9C13C7A}.Debug|Any CPU.ActiveCfg = Debug|Any CPU
		{2F3EE789-0648-4D22-AD39-B65CE9C13C7A}.Debug|Any CPU.Build.0 = Debug|Any CPU
		{2F3EE789-0648-4D22-AD39-B65CE9C13C7A}.Release|Any CPU.ActiveCfg = Release|Any CPU
		{2F3EE789-0648-4D22-AD39-B65CE9C13C7A}.Release|Any CPU.Build.0 = Release|Any CPU
		{2532D151-15E8-4797-9726-F80DF9B18D92}.Debug|Any CPU.ActiveCfg = Debug|Any CPU
		{2532D151-15E8-4797-9726-F80DF9B18D92}.Debug|Any CPU.Build.0 = Debug|Any CPU
		{2532D151-15E8-4797-9726-F80DF9B18D92}.Release|Any CPU.ActiveCfg = Release|Any CPU
		{2532D151-15E8-4797-9726-F80DF9B18D92}.Release|Any CPU.Build.0 = Release|Any CPU
		{97140A8F-4C45-4FAD-9F4C-D9CAA0CFA938}.Debug|Any CPU.ActiveCfg = Debug|Any CPU
		{97140A8F-4C45-4FAD-9F4C-D9CAA0CFA938}.Debug|Any CPU.Build.0 = Debug|Any CPU
		{97140A8F-4C45-4FAD-9F4C-D9CAA0CFA938}.Release|Any CPU.ActiveCfg = Release|Any CPU
		{97140A8F-4C45-4FAD-9F4C-D9CAA0CFA938}.Release|Any CPU.Build.0 = Release|Any CPU
		{705596F6-3F8D-4BA8-B82D-3A01A876F1B9}.Debug|Any CPU.ActiveCfg = Debug|Any CPU
		{705596F6-3F8D-4BA8-B82D-3A01A876F1B9}.Debug|Any CPU.Build.0 = Debug|Any CPU
		{705596F6-3F8D-4BA8-B82D-3A01A876F1B9}.Release|Any CPU.ActiveCfg = Release|Any CPU
		{705596F6-3F8D-4BA8-B82D-3A01A876F1B9}.Release|Any CPU.Build.0 = Release|Any CPU
	EndGlobalSection
	GlobalSection(SolutionProperties) = preSolution
		HideSolutionNode = FALSE
	EndGlobalSection
EndGlobal
